
Microsoft Visual Studio Solution File, Format Version 12.00
# Visual Studio Version 17
VisualStudioVersion = 17.11.35327.3
MinimumVisualStudioVersion = 10.0.40219.1
Project("{FAE04EC0-301F-11D3-BF4B-00C04F79EFBC}") = "bet", "bet.csproj", "{2EEC82F5-4606-45C4-8FA6-6AA746D940E8}"
EndProject
Global
	GlobalSection(SolutionConfigurationPlatforms) = preSolution
		Debug|Any CPU = Debug|Any CPU
		Release|Any CPU = Release|Any CPU
	EndGlobalSection
	GlobalSection(ProjectConfigurationPlatforms) = postSolution
		{2EEC82F5-4606-45C4-8FA6-6AA746D940E8}.Debug|Any CPU.ActiveCfg = Debug|Any CPU
		{2EEC82F5-4606-45C4-8FA6-6AA746D940E8}.Debug|Any CPU.Build.0 = Debug|Any CPU
		{2EEC82F5-4606-45C4-8FA6-6AA746D940E8}.Release|Any CPU.ActiveCfg = Release|Any CPU
		{2EEC82F5-4606-45C4-8FA6-6AA746D940E8}.Release|Any CPU.Build.0 = Release|Any CPU
	EndGlobalSection
	GlobalSection(SolutionProperties) = preSolution
		HideSolutionNode = FALSE
	EndGlobalSection
	GlobalSection(ExtensibilityGlobals) = postSolution
		SolutionGuid = {12774A1B-C090-4093-B1D8-3A43BF085594}
	EndGlobalSection
EndGlobal
